
Microsoft Visual Studio Solution File, Format Version 12.00
# Visual Studio 15
VisualStudioVersion = 15.0.28307.1525
MinimumVisualStudioVersion = 10.0.40219.1
Project("{FAE04EC0-301F-11D3-BF4B-00C04F79EFBC}") = "TP 7 Julian B Ortega", "TP 7 Julian B Ortega\TP 7 Julian B Ortega.csproj", "{C07C0736-9FF6-4977-887A-5635F6597019}"
EndProject
Global
	GlobalSection(SolutionConfigurationPlatforms) = preSolution
		Debug|Any CPU = Debug|Any CPU
		Release|Any CPU = Release|Any CPU
	EndGlobalSection
	GlobalSection(ProjectConfigurationPlatforms) = postSolution
		{C07C0736-9FF6-4977-887A-5635F6597019}.Debug|Any CPU.ActiveCfg = Debug|Any CPU
		{C07C0736-9FF6-4977-887A-5635F6597019}.Debug|Any CPU.Build.0 = Debug|Any CPU
		{C07C0736-9FF6-4977-887A-5635F6597019}.Release|Any CPU.ActiveCfg = Release|Any CPU
		{C07C0736-9FF6-4977-887A-5635F6597019}.Release|Any CPU.Build.0 = Release|Any CPU
	EndGlobalSection
	GlobalSection(SolutionProperties) = preSolution
		HideSolutionNode = FALSE
	EndGlobalSection
	GlobalSection(ExtensibilityGlobals) = postSolution
		SolutionGuid = {73F952D0-5D1E-4F35-8235-6612A1280087}
	EndGlobalSection
EndGlobal
